// !$*UTF8*$!
{
	archiveVersion = 1;
	classes = {
	};
	objectVersion = 56;
	objects = {

/* Begin PBXBuildFile section */
		B9D17F4B2B1A1DF400BBC1FF /* main.swift in Sources */ = {isa = PBXBuildFile; fileRef = B9D17F4A2B1A1DF400BBC1FF /* main.swift */; };
		B9D17F512B1A1E3800BBC1FF /* AoC-Helpers in Frameworks */ = {isa = PBXBuildFile; productRef = B9D17F502B1A1E3800BBC1FF /* AoC-Helpers */; };
		B9D17F542B1A1E8B00BBC1FF /* input.txt in CopyFiles */ = {isa = PBXBuildFile; fileRef = B9D17F522B1A1E7200BBC1FF /* input.txt */; };
		B9D17F5C2B1AF5BC00BBC1FF /* main.swift in Sources */ = {isa = PBXBuildFile; fileRef = B9D17F5B2B1AF5BC00BBC1FF /* main.swift */; };
		B9D17F632B1AF5DD00BBC1FF /* AoC-Helpers in Frameworks */ = {isa = PBXBuildFile; productRef = B9D17F622B1AF5DD00BBC1FF /* AoC-Helpers */; };
		B9D17F652B1AF5E800BBC1FF /* input.txt in CopyFiles */ = {isa = PBXBuildFile; fileRef = B9D17F602B1AF5CB00BBC1FF /* input.txt */; };
		B9D17F6D2B1CD37A00BBC1FF /* main.swift in Sources */ = {isa = PBXBuildFile; fileRef = B9D17F6C2B1CD37A00BBC1FF /* main.swift */; };
		B9D17F732B1CD43B00BBC1FF /* input.txt in CopyFiles */ = {isa = PBXBuildFile; fileRef = B9D17F712B1CD38200BBC1FF /* input.txt */; };
		B9D17F752B1CD44000BBC1FF /* AoC-Helpers in Frameworks */ = {isa = PBXBuildFile; productRef = B9D17F742B1CD44000BBC1FF /* AoC-Helpers */; };
		B9D17F7E2B1E638600BBC1FF /* main.swift in Sources */ = {isa = PBXBuildFile; fileRef = B9D17F7D2B1E638600BBC1FF /* main.swift */; };
		B9D17F842B1E63AF00BBC1FF /* input.txt in CopyFiles */ = {isa = PBXBuildFile; fileRef = B9D17F822B1E639C00BBC1FF /* input.txt */; };
		B9D17F862B1E68BB00BBC1FF /* AoC-Helpers in Frameworks */ = {isa = PBXBuildFile; productRef = B9D17F852B1E68BB00BBC1FF /* AoC-Helpers */; };
		B9D17F8E2B1F64A100BBC1FF /* main.swift in Sources */ = {isa = PBXBuildFile; fileRef = B9D17F8D2B1F64A100BBC1FF /* main.swift */; };
		B9D17F942B1F64D500BBC1FF /* AoC-Helpers in Frameworks */ = {isa = PBXBuildFile; productRef = B9D17F932B1F64D500BBC1FF /* AoC-Helpers */; };
		B9D17F962B1F64DD00BBC1FF /* input.txt in CopyFiles */ = {isa = PBXBuildFile; fileRef = B9D17F922B1F64CB00BBC1FF /* input.txt */; };
		B9D17F9E2B21334900BBC1FF /* main.swift in Sources */ = {isa = PBXBuildFile; fileRef = B9D17F9D2B21334900BBC1FF /* main.swift */; };
		B9D17FA42B21336900BBC1FF /* input.txt in CopyFiles */ = {isa = PBXBuildFile; fileRef = B9D17FA32B21336600BBC1FF /* input.txt */; };
		B9D17FA62B21358200BBC1FF /* AoC-Helpers in Frameworks */ = {isa = PBXBuildFile; productRef = B9D17FA52B21358200BBC1FF /* AoC-Helpers */; };
		B9D17FAE2B218A7900BBC1FF /* main.swift in Sources */ = {isa = PBXBuildFile; fileRef = B9D17FAD2B218A7900BBC1FF /* main.swift */; };
		B9D17FB42B218A9300BBC1FF /* input.txt in CopyFiles */ = {isa = PBXBuildFile; fileRef = B9D17FB22B218A8D00BBC1FF /* input.txt */; };
		B9D17FB62B218A9A00BBC1FF /* AoC-Helpers in Frameworks */ = {isa = PBXBuildFile; productRef = B9D17FB52B218A9A00BBC1FF /* AoC-Helpers */; };
		B9D17FBE2B2362F200BBC1FF /* main.swift in Sources */ = {isa = PBXBuildFile; fileRef = B9D17FBD2B2362F200BBC1FF /* main.swift */; };
		B9D17FC42B23630700BBC1FF /* AoC-Helpers in Frameworks */ = {isa = PBXBuildFile; productRef = B9D17FC32B23630700BBC1FF /* AoC-Helpers */; };
		B9D17FC62B23630C00BBC1FF /* input.txt in CopyFiles */ = {isa = PBXBuildFile; fileRef = B9D17FC22B2362FB00BBC1FF /* input.txt */; };
		B9D17FCE2B242BE800BBC1FF /* main.swift in Sources */ = {isa = PBXBuildFile; fileRef = B9D17FCD2B242BE800BBC1FF /* main.swift */; };
		B9D17FD42B242C1C00BBC1FF /* input.txt in CopyFiles */ = {isa = PBXBuildFile; fileRef = B9D17FD22B242C0F00BBC1FF /* input.txt */; };
		B9D17FD62B242C2200BBC1FF /* AoC-Helpers in Frameworks */ = {isa = PBXBuildFile; productRef = B9D17FD52B242C2200BBC1FF /* AoC-Helpers */; };
		B9D17FDE2B2601E700BBC1FF /* main.swift in Sources */ = {isa = PBXBuildFile; fileRef = B9D17FDD2B2601E700BBC1FF /* main.swift */; };
		B9D17FE32B2601FB00BBC1FF /* AoC-Helpers in Frameworks */ = {isa = PBXBuildFile; productRef = B9D17FE22B2601FB00BBC1FF /* AoC-Helpers */; };
		B9D17FE62B26021500BBC1FF /* input.txt in CopyFiles */ = {isa = PBXBuildFile; fileRef = B9D17FE42B26021000BBC1FF /* input.txt */; };
		B9D17FEE2B26CF8200BBC1FF /* main.swift in Sources */ = {isa = PBXBuildFile; fileRef = B9D17FED2B26CF8200BBC1FF /* main.swift */; };
		B9D17FF42B26CF9C00BBC1FF /* input.txt in CopyFiles */ = {isa = PBXBuildFile; fileRef = B9D17FF22B26CF8D00BBC1FF /* input.txt */; };
		B9D17FF62B26CFA200BBC1FF /* AoC-Helpers in Frameworks */ = {isa = PBXBuildFile; productRef = B9D17FF52B26CFA200BBC1FF /* AoC-Helpers */; };
/* End PBXBuildFile section */

/* Begin PBXCopyFilesBuildPhase section */
		B9D17F532B1A1E8100BBC1FF /* CopyFiles */ = {
			isa = PBXCopyFilesBuildPhase;
			buildActionMask = 2147483647;
			dstPath = "";
			dstSubfolderSpec = 7;
			files = (
				B9D17F542B1A1E8B00BBC1FF /* input.txt in CopyFiles */,
			);
			runOnlyForDeploymentPostprocessing = 0;
		};
		B9D17F572B1AF5BC00BBC1FF /* CopyFiles */ = {
			isa = PBXCopyFilesBuildPhase;
			buildActionMask = 2147483647;
			dstPath = /usr/share/man/man1/;
			dstSubfolderSpec = 0;
			files = (
			);
			runOnlyForDeploymentPostprocessing = 1;
		};
		B9D17F642B1AF5E400BBC1FF /* CopyFiles */ = {
			isa = PBXCopyFilesBuildPhase;
			buildActionMask = 2147483647;
			dstPath = "";
			dstSubfolderSpec = 7;
			files = (
				B9D17F652B1AF5E800BBC1FF /* input.txt in CopyFiles */,
			);
			runOnlyForDeploymentPostprocessing = 0;
		};
		B9D17F682B1CD37A00BBC1FF /* CopyFiles */ = {
			isa = PBXCopyFilesBuildPhase;
			buildActionMask = 2147483647;
			dstPath = /usr/share/man/man1/;
			dstSubfolderSpec = 0;
			files = (
			);
			runOnlyForDeploymentPostprocessing = 1;
		};
		B9D17F722B1CD43A00BBC1FF /* CopyFiles */ = {
			isa = PBXCopyFilesBuildPhase;
			buildActionMask = 2147483647;
			dstPath = "";
			dstSubfolderSpec = 7;
			files = (
				B9D17F732B1CD43B00BBC1FF /* input.txt in CopyFiles */,
			);
			runOnlyForDeploymentPostprocessing = 0;
		};
		B9D17F792B1E638500BBC1FF /* CopyFiles */ = {
			isa = PBXCopyFilesBuildPhase;
			buildActionMask = 2147483647;
			dstPath = /usr/share/man/man1/;
			dstSubfolderSpec = 0;
			files = (
			);
			runOnlyForDeploymentPostprocessing = 1;
		};
		B9D17F832B1E63AB00BBC1FF /* CopyFiles */ = {
			isa = PBXCopyFilesBuildPhase;
			buildActionMask = 2147483647;
			dstPath = "";
			dstSubfolderSpec = 7;
			files = (
				B9D17F842B1E63AF00BBC1FF /* input.txt in CopyFiles */,
			);
			runOnlyForDeploymentPostprocessing = 0;
		};
		B9D17F892B1F64A100BBC1FF /* CopyFiles */ = {
			isa = PBXCopyFilesBuildPhase;
			buildActionMask = 2147483647;
			dstPath = /usr/share/man/man1/;
			dstSubfolderSpec = 0;
			files = (
			);
			runOnlyForDeploymentPostprocessing = 1;
		};
		B9D17F952B1F64DA00BBC1FF /* CopyFiles */ = {
			isa = PBXCopyFilesBuildPhase;
			buildActionMask = 2147483647;
			dstPath = "";
			dstSubfolderSpec = 7;
			files = (
				B9D17F962B1F64DD00BBC1FF /* input.txt in CopyFiles */,
			);
			runOnlyForDeploymentPostprocessing = 0;
		};
		B9D17F992B21334900BBC1FF /* CopyFiles */ = {
			isa = PBXCopyFilesBuildPhase;
			buildActionMask = 2147483647;
			dstPath = /usr/share/man/man1/;
			dstSubfolderSpec = 0;
			files = (
			);
			runOnlyForDeploymentPostprocessing = 1;
		};
		B9D17FA22B21335300BBC1FF /* CopyFiles */ = {
			isa = PBXCopyFilesBuildPhase;
			buildActionMask = 2147483647;
			dstPath = "";
			dstSubfolderSpec = 7;
			files = (
				B9D17FA42B21336900BBC1FF /* input.txt in CopyFiles */,
			);
			runOnlyForDeploymentPostprocessing = 0;
		};
		B9D17FA92B218A7900BBC1FF /* CopyFiles */ = {
			isa = PBXCopyFilesBuildPhase;
			buildActionMask = 2147483647;
			dstPath = /usr/share/man/man1/;
			dstSubfolderSpec = 0;
			files = (
			);
			runOnlyForDeploymentPostprocessing = 1;
		};
		B9D17FB32B218A9100BBC1FF /* CopyFiles */ = {
			isa = PBXCopyFilesBuildPhase;
			buildActionMask = 2147483647;
			dstPath = "";
			dstSubfolderSpec = 7;
			files = (
				B9D17FB42B218A9300BBC1FF /* input.txt in CopyFiles */,
			);
			runOnlyForDeploymentPostprocessing = 0;
		};
		B9D17FB92B2362F100BBC1FF /* CopyFiles */ = {
			isa = PBXCopyFilesBuildPhase;
			buildActionMask = 2147483647;
			dstPath = /usr/share/man/man1/;
			dstSubfolderSpec = 0;
			files = (
			);
			runOnlyForDeploymentPostprocessing = 1;
		};
		B9D17FC52B23630A00BBC1FF /* CopyFiles */ = {
			isa = PBXCopyFilesBuildPhase;
			buildActionMask = 2147483647;
			dstPath = "";
			dstSubfolderSpec = 7;
			files = (
				B9D17FC62B23630C00BBC1FF /* input.txt in CopyFiles */,
			);
			runOnlyForDeploymentPostprocessing = 0;
		};
		B9D17FC92B242BE700BBC1FF /* CopyFiles */ = {
			isa = PBXCopyFilesBuildPhase;
			buildActionMask = 2147483647;
			dstPath = /usr/share/man/man1/;
			dstSubfolderSpec = 0;
			files = (
			);
			runOnlyForDeploymentPostprocessing = 1;
		};
		B9D17FD32B242C1A00BBC1FF /* CopyFiles */ = {
			isa = PBXCopyFilesBuildPhase;
			buildActionMask = 2147483647;
			dstPath = "";
			dstSubfolderSpec = 7;
			files = (
				B9D17FD42B242C1C00BBC1FF /* input.txt in CopyFiles */,
			);
			runOnlyForDeploymentPostprocessing = 0;
		};
		B9D17FD92B2601E700BBC1FF /* CopyFiles */ = {
			isa = PBXCopyFilesBuildPhase;
			buildActionMask = 2147483647;
			dstPath = /usr/share/man/man1/;
			dstSubfolderSpec = 0;
			files = (
			);
			runOnlyForDeploymentPostprocessing = 1;
		};
		B9D17FE52B26021300BBC1FF /* CopyFiles */ = {
			isa = PBXCopyFilesBuildPhase;
			buildActionMask = 2147483647;
			dstPath = "";
			dstSubfolderSpec = 7;
			files = (
				B9D17FE62B26021500BBC1FF /* input.txt in CopyFiles */,
			);
			runOnlyForDeploymentPostprocessing = 0;
		};
		B9D17FE92B26CF8100BBC1FF /* CopyFiles */ = {
			isa = PBXCopyFilesBuildPhase;
			buildActionMask = 2147483647;
			dstPath = /usr/share/man/man1/;
			dstSubfolderSpec = 0;
			files = (
			);
			runOnlyForDeploymentPostprocessing = 1;
		};
		B9D17FF32B26CF9B00BBC1FF /* CopyFiles */ = {
			isa = PBXCopyFilesBuildPhase;
			buildActionMask = 2147483647;
			dstPath = "";
			dstSubfolderSpec = 7;
			files = (
				B9D17FF42B26CF9C00BBC1FF /* input.txt in CopyFiles */,
			);
			runOnlyForDeploymentPostprocessing = 0;
		};
/* End PBXCopyFilesBuildPhase section */

/* Begin PBXFileReference section */
		B9D17F482B1A1DF400BBC1FF /* Day 01 */ = {isa = PBXFileReference; explicitFileType = "compiled.mach-o.executable"; includeInIndex = 0; path = "Day 01"; sourceTree = BUILT_PRODUCTS_DIR; };
		B9D17F4A2B1A1DF400BBC1FF /* main.swift */ = {isa = PBXFileReference; lastKnownFileType = sourcecode.swift; path = main.swift; sourceTree = "<group>"; };
		B9D17F522B1A1E7200BBC1FF /* input.txt */ = {isa = PBXFileReference; lastKnownFileType = text; path = input.txt; sourceTree = "<group>"; };
		B9D17F592B1AF5BC00BBC1FF /* Day 02 */ = {isa = PBXFileReference; explicitFileType = "compiled.mach-o.executable"; includeInIndex = 0; path = "Day 02"; sourceTree = BUILT_PRODUCTS_DIR; };
		B9D17F5B2B1AF5BC00BBC1FF /* main.swift */ = {isa = PBXFileReference; lastKnownFileType = sourcecode.swift; path = main.swift; sourceTree = "<group>"; };
		B9D17F602B1AF5CB00BBC1FF /* input.txt */ = {isa = PBXFileReference; lastKnownFileType = text; path = input.txt; sourceTree = "<group>"; };
		B9D17F6A2B1CD37A00BBC1FF /* Day 03 */ = {isa = PBXFileReference; explicitFileType = "compiled.mach-o.executable"; includeInIndex = 0; path = "Day 03"; sourceTree = BUILT_PRODUCTS_DIR; };
		B9D17F6C2B1CD37A00BBC1FF /* main.swift */ = {isa = PBXFileReference; lastKnownFileType = sourcecode.swift; path = main.swift; sourceTree = "<group>"; };
		B9D17F712B1CD38200BBC1FF /* input.txt */ = {isa = PBXFileReference; lastKnownFileType = text; path = input.txt; sourceTree = "<group>"; };
		B9D17F7B2B1E638600BBC1FF /* Day 04 */ = {isa = PBXFileReference; explicitFileType = "compiled.mach-o.executable"; includeInIndex = 0; path = "Day 04"; sourceTree = BUILT_PRODUCTS_DIR; };
		B9D17F7D2B1E638600BBC1FF /* main.swift */ = {isa = PBXFileReference; lastKnownFileType = sourcecode.swift; path = main.swift; sourceTree = "<group>"; };
		B9D17F822B1E639C00BBC1FF /* input.txt */ = {isa = PBXFileReference; lastKnownFileType = text; path = input.txt; sourceTree = "<group>"; };
		B9D17F8B2B1F64A100BBC1FF /* Day 05 */ = {isa = PBXFileReference; explicitFileType = "compiled.mach-o.executable"; includeInIndex = 0; path = "Day 05"; sourceTree = BUILT_PRODUCTS_DIR; };
		B9D17F8D2B1F64A100BBC1FF /* main.swift */ = {isa = PBXFileReference; lastKnownFileType = sourcecode.swift; path = main.swift; sourceTree = "<group>"; };
		B9D17F922B1F64CB00BBC1FF /* input.txt */ = {isa = PBXFileReference; lastKnownFileType = text; path = input.txt; sourceTree = "<group>"; };
		B9D17F9B2B21334900BBC1FF /* Day 06 */ = {isa = PBXFileReference; explicitFileType = "compiled.mach-o.executable"; includeInIndex = 0; path = "Day 06"; sourceTree = BUILT_PRODUCTS_DIR; };
		B9D17F9D2B21334900BBC1FF /* main.swift */ = {isa = PBXFileReference; lastKnownFileType = sourcecode.swift; path = main.swift; sourceTree = "<group>"; };
		B9D17FA32B21336600BBC1FF /* input.txt */ = {isa = PBXFileReference; lastKnownFileType = text; path = input.txt; sourceTree = "<group>"; };
		B9D17FAB2B218A7900BBC1FF /* Day 07 */ = {isa = PBXFileReference; explicitFileType = "compiled.mach-o.executable"; includeInIndex = 0; path = "Day 07"; sourceTree = BUILT_PRODUCTS_DIR; };
		B9D17FAD2B218A7900BBC1FF /* main.swift */ = {isa = PBXFileReference; lastKnownFileType = sourcecode.swift; path = main.swift; sourceTree = "<group>"; };
		B9D17FB22B218A8D00BBC1FF /* input.txt */ = {isa = PBXFileReference; lastKnownFileType = text; path = input.txt; sourceTree = "<group>"; };
		B9D17FBB2B2362F100BBC1FF /* Day 08 */ = {isa = PBXFileReference; explicitFileType = "compiled.mach-o.executable"; includeInIndex = 0; path = "Day 08"; sourceTree = BUILT_PRODUCTS_DIR; };
		B9D17FBD2B2362F200BBC1FF /* main.swift */ = {isa = PBXFileReference; lastKnownFileType = sourcecode.swift; path = main.swift; sourceTree = "<group>"; };
		B9D17FC22B2362FB00BBC1FF /* input.txt */ = {isa = PBXFileReference; lastKnownFileType = text; path = input.txt; sourceTree = "<group>"; };
		B9D17FCB2B242BE800BBC1FF /* Day 09 */ = {isa = PBXFileReference; explicitFileType = "compiled.mach-o.executable"; includeInIndex = 0; path = "Day 09"; sourceTree = BUILT_PRODUCTS_DIR; };
		B9D17FCD2B242BE800BBC1FF /* main.swift */ = {isa = PBXFileReference; lastKnownFileType = sourcecode.swift; path = main.swift; sourceTree = "<group>"; };
		B9D17FD22B242C0F00BBC1FF /* input.txt */ = {isa = PBXFileReference; lastKnownFileType = text; path = input.txt; sourceTree = "<group>"; };
		B9D17FDB2B2601E700BBC1FF /* Day 10 */ = {isa = PBXFileReference; explicitFileType = "compiled.mach-o.executable"; includeInIndex = 0; path = "Day 10"; sourceTree = BUILT_PRODUCTS_DIR; };
		B9D17FDD2B2601E700BBC1FF /* main.swift */ = {isa = PBXFileReference; lastKnownFileType = sourcecode.swift; path = main.swift; sourceTree = "<group>"; };
		B9D17FE42B26021000BBC1FF /* input.txt */ = {isa = PBXFileReference; lastKnownFileType = text; path = input.txt; sourceTree = "<group>"; wrapsLines = 0; };
		B9D17FEB2B26CF8200BBC1FF /* Day 11 */ = {isa = PBXFileReference; explicitFileType = "compiled.mach-o.executable"; includeInIndex = 0; path = "Day 11"; sourceTree = BUILT_PRODUCTS_DIR; };
		B9D17FED2B26CF8200BBC1FF /* main.swift */ = {isa = PBXFileReference; lastKnownFileType = sourcecode.swift; path = main.swift; sourceTree = "<group>"; };
		B9D17FF22B26CF8D00BBC1FF /* input.txt */ = {isa = PBXFileReference; lastKnownFileType = text; path = input.txt; sourceTree = "<group>"; };
/* End PBXFileReference section */

/* Begin PBXFrameworksBuildPhase section */
		B9D17F452B1A1DF400BBC1FF /* Frameworks */ = {
			isa = PBXFrameworksBuildPhase;
			buildActionMask = 2147483647;
			files = (
				B9D17F512B1A1E3800BBC1FF /* AoC-Helpers in Frameworks */,
			);
			runOnlyForDeploymentPostprocessing = 0;
		};
		B9D17F562B1AF5BC00BBC1FF /* Frameworks */ = {
			isa = PBXFrameworksBuildPhase;
			buildActionMask = 2147483647;
			files = (
				B9D17F632B1AF5DD00BBC1FF /* AoC-Helpers in Frameworks */,
			);
			runOnlyForDeploymentPostprocessing = 0;
		};
		B9D17F672B1CD37A00BBC1FF /* Frameworks */ = {
			isa = PBXFrameworksBuildPhase;
			buildActionMask = 2147483647;
			files = (
				B9D17F752B1CD44000BBC1FF /* AoC-Helpers in Frameworks */,
			);
			runOnlyForDeploymentPostprocessing = 0;
		};
		B9D17F782B1E638500BBC1FF /* Frameworks */ = {
			isa = PBXFrameworksBuildPhase;
			buildActionMask = 2147483647;
			files = (
				B9D17F862B1E68BB00BBC1FF /* AoC-Helpers in Frameworks */,
			);
			runOnlyForDeploymentPostprocessing = 0;
		};
		B9D17F882B1F64A100BBC1FF /* Frameworks */ = {
			isa = PBXFrameworksBuildPhase;
			buildActionMask = 2147483647;
			files = (
				B9D17F942B1F64D500BBC1FF /* AoC-Helpers in Frameworks */,
			);
			runOnlyForDeploymentPostprocessing = 0;
		};
		B9D17F982B21334900BBC1FF /* Frameworks */ = {
			isa = PBXFrameworksBuildPhase;
			buildActionMask = 2147483647;
			files = (
				B9D17FA62B21358200BBC1FF /* AoC-Helpers in Frameworks */,
			);
			runOnlyForDeploymentPostprocessing = 0;
		};
		B9D17FA82B218A7900BBC1FF /* Frameworks */ = {
			isa = PBXFrameworksBuildPhase;
			buildActionMask = 2147483647;
			files = (
				B9D17FB62B218A9A00BBC1FF /* AoC-Helpers in Frameworks */,
			);
			runOnlyForDeploymentPostprocessing = 0;
		};
		B9D17FB82B2362F100BBC1FF /* Frameworks */ = {
			isa = PBXFrameworksBuildPhase;
			buildActionMask = 2147483647;
			files = (
				B9D17FC42B23630700BBC1FF /* AoC-Helpers in Frameworks */,
			);
			runOnlyForDeploymentPostprocessing = 0;
		};
		B9D17FC82B242BE700BBC1FF /* Frameworks */ = {
			isa = PBXFrameworksBuildPhase;
			buildActionMask = 2147483647;
			files = (
				B9D17FD62B242C2200BBC1FF /* AoC-Helpers in Frameworks */,
			);
			runOnlyForDeploymentPostprocessing = 0;
		};
		B9D17FD82B2601E700BBC1FF /* Frameworks */ = {
			isa = PBXFrameworksBuildPhase;
			buildActionMask = 2147483647;
			files = (
				B9D17FE32B2601FB00BBC1FF /* AoC-Helpers in Frameworks */,
			);
			runOnlyForDeploymentPostprocessing = 0;
		};
		B9D17FE82B26CF8100BBC1FF /* Frameworks */ = {
			isa = PBXFrameworksBuildPhase;
			buildActionMask = 2147483647;
			files = (
				B9D17FF62B26CFA200BBC1FF /* AoC-Helpers in Frameworks */,
			);
			runOnlyForDeploymentPostprocessing = 0;
		};
/* End PBXFrameworksBuildPhase section */

/* Begin PBXGroup section */
		B9D17F312B1A1DCF00BBC1FF = {
			isa = PBXGroup;
			children = (
				B9D17F492B1A1DF400BBC1FF /* Day 01 */,
				B9D17F5A2B1AF5BC00BBC1FF /* Day 02 */,
				B9D17F6B2B1CD37A00BBC1FF /* Day 03 */,
				B9D17F7C2B1E638600BBC1FF /* Day 04 */,
				B9D17F8C2B1F64A100BBC1FF /* Day 05 */,
				B9D17F9C2B21334900BBC1FF /* Day 06 */,
				B9D17FAC2B218A7900BBC1FF /* Day 07 */,
				B9D17FBC2B2362F200BBC1FF /* Day 08 */,
				B9D17FCC2B242BE800BBC1FF /* Day 09 */,
				B9D17FDC2B2601E700BBC1FF /* Day 10 */,
				B9D17FEC2B26CF8200BBC1FF /* Day 11 */,
				B9D17F3B2B1A1DCF00BBC1FF /* Products */,
				B9D17F612B1AF5DD00BBC1FF /* Frameworks */,
			);
			sourceTree = "<group>";
		};
		B9D17F3B2B1A1DCF00BBC1FF /* Products */ = {
			isa = PBXGroup;
			children = (
				B9D17F482B1A1DF400BBC1FF /* Day 01 */,
				B9D17F592B1AF5BC00BBC1FF /* Day 02 */,
				B9D17F6A2B1CD37A00BBC1FF /* Day 03 */,
				B9D17F7B2B1E638600BBC1FF /* Day 04 */,
				B9D17F8B2B1F64A100BBC1FF /* Day 05 */,
				B9D17F9B2B21334900BBC1FF /* Day 06 */,
				B9D17FAB2B218A7900BBC1FF /* Day 07 */,
				B9D17FBB2B2362F100BBC1FF /* Day 08 */,
				B9D17FCB2B242BE800BBC1FF /* Day 09 */,
				B9D17FDB2B2601E700BBC1FF /* Day 10 */,
				B9D17FEB2B26CF8200BBC1FF /* Day 11 */,
			);
			name = Products;
			sourceTree = "<group>";
		};
		B9D17F492B1A1DF400BBC1FF /* Day 01 */ = {
			isa = PBXGroup;
			children = (
				B9D17F4A2B1A1DF400BBC1FF /* main.swift */,
				B9D17F522B1A1E7200BBC1FF /* input.txt */,
			);
			path = "Day 01";
			sourceTree = "<group>";
		};
		B9D17F5A2B1AF5BC00BBC1FF /* Day 02 */ = {
			isa = PBXGroup;
			children = (
				B9D17F5B2B1AF5BC00BBC1FF /* main.swift */,
				B9D17F602B1AF5CB00BBC1FF /* input.txt */,
			);
			path = "Day 02";
			sourceTree = "<group>";
		};
		B9D17F612B1AF5DD00BBC1FF /* Frameworks */ = {
			isa = PBXGroup;
			children = (
			);
			name = Frameworks;
			sourceTree = "<group>";
		};
		B9D17F6B2B1CD37A00BBC1FF /* Day 03 */ = {
			isa = PBXGroup;
			children = (
				B9D17F6C2B1CD37A00BBC1FF /* main.swift */,
				B9D17F712B1CD38200BBC1FF /* input.txt */,
			);
			path = "Day 03";
			sourceTree = "<group>";
		};
		B9D17F7C2B1E638600BBC1FF /* Day 04 */ = {
			isa = PBXGroup;
			children = (
				B9D17F7D2B1E638600BBC1FF /* main.swift */,
				B9D17F822B1E639C00BBC1FF /* input.txt */,
			);
			path = "Day 04";
			sourceTree = "<group>";
		};
		B9D17F8C2B1F64A100BBC1FF /* Day 05 */ = {
			isa = PBXGroup;
			children = (
				B9D17F8D2B1F64A100BBC1FF /* main.swift */,
				B9D17F922B1F64CB00BBC1FF /* input.txt */,
			);
			path = "Day 05";
			sourceTree = "<group>";
		};
		B9D17F9C2B21334900BBC1FF /* Day 06 */ = {
			isa = PBXGroup;
			children = (
				B9D17F9D2B21334900BBC1FF /* main.swift */,
				B9D17FA32B21336600BBC1FF /* input.txt */,
			);
			path = "Day 06";
			sourceTree = "<group>";
		};
		B9D17FAC2B218A7900BBC1FF /* Day 07 */ = {
			isa = PBXGroup;
			children = (
				B9D17FAD2B218A7900BBC1FF /* main.swift */,
				B9D17FB22B218A8D00BBC1FF /* input.txt */,
			);
			path = "Day 07";
			sourceTree = "<group>";
		};
		B9D17FBC2B2362F200BBC1FF /* Day 08 */ = {
			isa = PBXGroup;
			children = (
				B9D17FBD2B2362F200BBC1FF /* main.swift */,
				B9D17FC22B2362FB00BBC1FF /* input.txt */,
			);
			path = "Day 08";
			sourceTree = "<group>";
		};
		B9D17FCC2B242BE800BBC1FF /* Day 09 */ = {
			isa = PBXGroup;
			children = (
				B9D17FCD2B242BE800BBC1FF /* main.swift */,
				B9D17FD22B242C0F00BBC1FF /* input.txt */,
			);
			path = "Day 09";
			sourceTree = "<group>";
		};
		B9D17FDC2B2601E700BBC1FF /* Day 10 */ = {
			isa = PBXGroup;
			children = (
				B9D17FDD2B2601E700BBC1FF /* main.swift */,
				B9D17FE42B26021000BBC1FF /* input.txt */,
			);
			path = "Day 10";
			sourceTree = "<group>";
		};
		B9D17FEC2B26CF8200BBC1FF /* Day 11 */ = {
			isa = PBXGroup;
			children = (
				B9D17FED2B26CF8200BBC1FF /* main.swift */,
				B9D17FF22B26CF8D00BBC1FF /* input.txt */,
			);
			path = "Day 11";
			sourceTree = "<group>";
		};
/* End PBXGroup section */

/* Begin PBXNativeTarget section */
		B9D17F472B1A1DF400BBC1FF /* Day 01 */ = {
			isa = PBXNativeTarget;
			buildConfigurationList = B9D17F4C2B1A1DF400BBC1FF /* Build configuration list for PBXNativeTarget "Day 01" */;
			buildPhases = (
				B9D17F442B1A1DF400BBC1FF /* Sources */,
				B9D17F452B1A1DF400BBC1FF /* Frameworks */,
				B9D17F532B1A1E8100BBC1FF /* CopyFiles */,
			);
			buildRules = (
			);
			dependencies = (
			);
			name = "Day 01";
			packageProductDependencies = (
				B9D17F502B1A1E3800BBC1FF /* AoC-Helpers */,
			);
			productName = "Day 01";
			productReference = B9D17F482B1A1DF400BBC1FF /* Day 01 */;
			productType = "com.apple.product-type.tool";
		};
		B9D17F582B1AF5BC00BBC1FF /* Day 02 */ = {
			isa = PBXNativeTarget;
			buildConfigurationList = B9D17F5F2B1AF5BC00BBC1FF /* Build configuration list for PBXNativeTarget "Day 02" */;
			buildPhases = (
				B9D17F552B1AF5BC00BBC1FF /* Sources */,
				B9D17F562B1AF5BC00BBC1FF /* Frameworks */,
				B9D17F572B1AF5BC00BBC1FF /* CopyFiles */,
				B9D17F642B1AF5E400BBC1FF /* CopyFiles */,
			);
			buildRules = (
			);
			dependencies = (
			);
			name = "Day 02";
			packageProductDependencies = (
				B9D17F622B1AF5DD00BBC1FF /* AoC-Helpers */,
			);
			productName = "Day 02";
			productReference = B9D17F592B1AF5BC00BBC1FF /* Day 02 */;
			productType = "com.apple.product-type.tool";
		};
		B9D17F692B1CD37A00BBC1FF /* Day 03 */ = {
			isa = PBXNativeTarget;
			buildConfigurationList = B9D17F6E2B1CD37A00BBC1FF /* Build configuration list for PBXNativeTarget "Day 03" */;
			buildPhases = (
				B9D17F662B1CD37A00BBC1FF /* Sources */,
				B9D17F672B1CD37A00BBC1FF /* Frameworks */,
				B9D17F682B1CD37A00BBC1FF /* CopyFiles */,
				B9D17F722B1CD43A00BBC1FF /* CopyFiles */,
			);
			buildRules = (
			);
			dependencies = (
			);
			name = "Day 03";
			packageProductDependencies = (
				B9D17F742B1CD44000BBC1FF /* AoC-Helpers */,
			);
			productName = "Day 03";
			productReference = B9D17F6A2B1CD37A00BBC1FF /* Day 03 */;
			productType = "com.apple.product-type.tool";
		};
		B9D17F7A2B1E638500BBC1FF /* Day 04 */ = {
			isa = PBXNativeTarget;
			buildConfigurationList = B9D17F812B1E638600BBC1FF /* Build configuration list for PBXNativeTarget "Day 04" */;
			buildPhases = (
				B9D17F772B1E638500BBC1FF /* Sources */,
				B9D17F782B1E638500BBC1FF /* Frameworks */,
				B9D17F792B1E638500BBC1FF /* CopyFiles */,
				B9D17F832B1E63AB00BBC1FF /* CopyFiles */,
			);
			buildRules = (
			);
			dependencies = (
			);
			name = "Day 04";
			packageProductDependencies = (
				B9D17F852B1E68BB00BBC1FF /* AoC-Helpers */,
			);
			productName = "Day 04";
			productReference = B9D17F7B2B1E638600BBC1FF /* Day 04 */;
			productType = "com.apple.product-type.tool";
		};
		B9D17F8A2B1F64A100BBC1FF /* Day 05 */ = {
			isa = PBXNativeTarget;
			buildConfigurationList = B9D17F912B1F64A100BBC1FF /* Build configuration list for PBXNativeTarget "Day 05" */;
			buildPhases = (
				B9D17F872B1F64A100BBC1FF /* Sources */,
				B9D17F882B1F64A100BBC1FF /* Frameworks */,
				B9D17F892B1F64A100BBC1FF /* CopyFiles */,
				B9D17F952B1F64DA00BBC1FF /* CopyFiles */,
			);
			buildRules = (
			);
			dependencies = (
			);
			name = "Day 05";
			packageProductDependencies = (
				B9D17F932B1F64D500BBC1FF /* AoC-Helpers */,
			);
			productName = "Day 05";
			productReference = B9D17F8B2B1F64A100BBC1FF /* Day 05 */;
			productType = "com.apple.product-type.tool";
		};
		B9D17F9A2B21334900BBC1FF /* Day 06 */ = {
			isa = PBXNativeTarget;
			buildConfigurationList = B9D17FA12B21334900BBC1FF /* Build configuration list for PBXNativeTarget "Day 06" */;
			buildPhases = (
				B9D17F972B21334900BBC1FF /* Sources */,
				B9D17F982B21334900BBC1FF /* Frameworks */,
				B9D17F992B21334900BBC1FF /* CopyFiles */,
				B9D17FA22B21335300BBC1FF /* CopyFiles */,
			);
			buildRules = (
			);
			dependencies = (
			);
			name = "Day 06";
			packageProductDependencies = (
				B9D17FA52B21358200BBC1FF /* AoC-Helpers */,
			);
			productName = "Day 06";
			productReference = B9D17F9B2B21334900BBC1FF /* Day 06 */;
			productType = "com.apple.product-type.tool";
		};
		B9D17FAA2B218A7900BBC1FF /* Day 07 */ = {
			isa = PBXNativeTarget;
			buildConfigurationList = B9D17FAF2B218A7900BBC1FF /* Build configuration list for PBXNativeTarget "Day 07" */;
			buildPhases = (
				B9D17FA72B218A7900BBC1FF /* Sources */,
				B9D17FA82B218A7900BBC1FF /* Frameworks */,
				B9D17FA92B218A7900BBC1FF /* CopyFiles */,
				B9D17FB32B218A9100BBC1FF /* CopyFiles */,
			);
			buildRules = (
			);
			dependencies = (
			);
			name = "Day 07";
			packageProductDependencies = (
				B9D17FB52B218A9A00BBC1FF /* AoC-Helpers */,
			);
			productName = "Day 07";
			productReference = B9D17FAB2B218A7900BBC1FF /* Day 07 */;
			productType = "com.apple.product-type.tool";
		};
		B9D17FBA2B2362F100BBC1FF /* Day 08 */ = {
			isa = PBXNativeTarget;
			buildConfigurationList = B9D17FBF2B2362F200BBC1FF /* Build configuration list for PBXNativeTarget "Day 08" */;
			buildPhases = (
				B9D17FB72B2362F100BBC1FF /* Sources */,
				B9D17FB82B2362F100BBC1FF /* Frameworks */,
				B9D17FB92B2362F100BBC1FF /* CopyFiles */,
				B9D17FC52B23630A00BBC1FF /* CopyFiles */,
			);
			buildRules = (
			);
			dependencies = (
			);
			name = "Day 08";
			packageProductDependencies = (
				B9D17FC32B23630700BBC1FF /* AoC-Helpers */,
			);
			productName = "Day 08";
			productReference = B9D17FBB2B2362F100BBC1FF /* Day 08 */;
			productType = "com.apple.product-type.tool";
		};
		B9D17FCA2B242BE700BBC1FF /* Day 09 */ = {
			isa = PBXNativeTarget;
			buildConfigurationList = B9D17FCF2B242BE800BBC1FF /* Build configuration list for PBXNativeTarget "Day 09" */;
			buildPhases = (
				B9D17FC72B242BE700BBC1FF /* Sources */,
				B9D17FC82B242BE700BBC1FF /* Frameworks */,
				B9D17FC92B242BE700BBC1FF /* CopyFiles */,
				B9D17FD32B242C1A00BBC1FF /* CopyFiles */,
			);
			buildRules = (
			);
			dependencies = (
			);
			name = "Day 09";
			packageProductDependencies = (
				B9D17FD52B242C2200BBC1FF /* AoC-Helpers */,
			);
			productName = "Day 09";
			productReference = B9D17FCB2B242BE800BBC1FF /* Day 09 */;
			productType = "com.apple.product-type.tool";
		};
		B9D17FDA2B2601E700BBC1FF /* Day 10 */ = {
			isa = PBXNativeTarget;
			buildConfigurationList = B9D17FDF2B2601E700BBC1FF /* Build configuration list for PBXNativeTarget "Day 10" */;
			buildPhases = (
				B9D17FD72B2601E700BBC1FF /* Sources */,
				B9D17FD82B2601E700BBC1FF /* Frameworks */,
				B9D17FD92B2601E700BBC1FF /* CopyFiles */,
				B9D17FE52B26021300BBC1FF /* CopyFiles */,
			);
			buildRules = (
			);
			dependencies = (
			);
			name = "Day 10";
			packageProductDependencies = (
				B9D17FE22B2601FB00BBC1FF /* AoC-Helpers */,
			);
			productName = "Day 10";
			productReference = B9D17FDB2B2601E700BBC1FF /* Day 10 */;
			productType = "com.apple.product-type.tool";
		};
		B9D17FEA2B26CF8100BBC1FF /* Day 11 */ = {
			isa = PBXNativeTarget;
			buildConfigurationList = B9D17FEF2B26CF8200BBC1FF /* Build configuration list for PBXNativeTarget "Day 11" */;
			buildPhases = (
				B9D17FE72B26CF8100BBC1FF /* Sources */,
				B9D17FE82B26CF8100BBC1FF /* Frameworks */,
				B9D17FE92B26CF8100BBC1FF /* CopyFiles */,
				B9D17FF32B26CF9B00BBC1FF /* CopyFiles */,
			);
			buildRules = (
			);
			dependencies = (
			);
			name = "Day 11";
			packageProductDependencies = (
				B9D17FF52B26CFA200BBC1FF /* AoC-Helpers */,
			);
			productName = "Day 11";
			productReference = B9D17FEB2B26CF8200BBC1FF /* Day 11 */;
			productType = "com.apple.product-type.tool";
		};
/* End PBXNativeTarget section */

/* Begin PBXProject section */
		B9D17F322B1A1DCF00BBC1FF /* Project object */ = {
			isa = PBXProject;
			attributes = {
				BuildIndependentTargetsInParallel = 1;
				LastSwiftUpdateCheck = 1500;
				LastUpgradeCheck = 1500;
				TargetAttributes = {
					B9D17F472B1A1DF400BBC1FF = {
						CreatedOnToolsVersion = 15.0.1;
					};
					B9D17F582B1AF5BC00BBC1FF = {
						CreatedOnToolsVersion = 15.0.1;
					};
					B9D17F692B1CD37A00BBC1FF = {
						CreatedOnToolsVersion = 15.0.1;
					};
					B9D17F7A2B1E638500BBC1FF = {
						CreatedOnToolsVersion = 15.0.1;
					};
					B9D17F8A2B1F64A100BBC1FF = {
						CreatedOnToolsVersion = 15.0.1;
					};
					B9D17F9A2B21334900BBC1FF = {
						CreatedOnToolsVersion = 15.0.1;
					};
					B9D17FAA2B218A7900BBC1FF = {
						CreatedOnToolsVersion = 15.0.1;
					};
					B9D17FBA2B2362F100BBC1FF = {
						CreatedOnToolsVersion = 15.0.1;
					};
					B9D17FCA2B242BE700BBC1FF = {
						CreatedOnToolsVersion = 15.0.1;
					};
					B9D17FDA2B2601E700BBC1FF = {
						CreatedOnToolsVersion = 15.0.1;
					};
					B9D17FEA2B26CF8100BBC1FF = {
						CreatedOnToolsVersion = 15.0.1;
					};
				};
			};
			buildConfigurationList = B9D17F352B1A1DCF00BBC1FF /* Build configuration list for PBXProject "Advent of Code 2023" */;
			compatibilityVersion = "Xcode 14.0";
			developmentRegion = en;
			hasScannedForEncodings = 0;
			knownRegions = (
				en,
				Base,
			);
			mainGroup = B9D17F312B1A1DCF00BBC1FF;
			packageReferences = (
				B9D17F4F2B1A1E3800BBC1FF /* XCRemoteSwiftPackageReference "AoC-Helpers" */,
			);
			productRefGroup = B9D17F3B2B1A1DCF00BBC1FF /* Products */;
			projectDirPath = "";
			projectRoot = "";
			targets = (
				B9D17F472B1A1DF400BBC1FF /* Day 01 */,
				B9D17F582B1AF5BC00BBC1FF /* Day 02 */,
				B9D17F692B1CD37A00BBC1FF /* Day 03 */,
				B9D17F7A2B1E638500BBC1FF /* Day 04 */,
				B9D17F8A2B1F64A100BBC1FF /* Day 05 */,
				B9D17F9A2B21334900BBC1FF /* Day 06 */,
				B9D17FAA2B218A7900BBC1FF /* Day 07 */,
				B9D17FBA2B2362F100BBC1FF /* Day 08 */,
				B9D17FCA2B242BE700BBC1FF /* Day 09 */,
				B9D17FDA2B2601E700BBC1FF /* Day 10 */,
				B9D17FEA2B26CF8100BBC1FF /* Day 11 */,
			);
		};
/* End PBXProject section */

/* Begin PBXSourcesBuildPhase section */
		B9D17F442B1A1DF400BBC1FF /* Sources */ = {
			isa = PBXSourcesBuildPhase;
			buildActionMask = 2147483647;
			files = (
				B9D17F4B2B1A1DF400BBC1FF /* main.swift in Sources */,
			);
			runOnlyForDeploymentPostprocessing = 0;
		};
		B9D17F552B1AF5BC00BBC1FF /* Sources */ = {
			isa = PBXSourcesBuildPhase;
			buildActionMask = 2147483647;
			files = (
				B9D17F5C2B1AF5BC00BBC1FF /* main.swift in Sources */,
			);
			runOnlyForDeploymentPostprocessing = 0;
		};
		B9D17F662B1CD37A00BBC1FF /* Sources */ = {
			isa = PBXSourcesBuildPhase;
			buildActionMask = 2147483647;
			files = (
				B9D17F6D2B1CD37A00BBC1FF /* main.swift in Sources */,
			);
			runOnlyForDeploymentPostprocessing = 0;
		};
		B9D17F772B1E638500BBC1FF /* Sources */ = {
			isa = PBXSourcesBuildPhase;
			buildActionMask = 2147483647;
			files = (
				B9D17F7E2B1E638600BBC1FF /* main.swift in Sources */,
			);
			runOnlyForDeploymentPostprocessing = 0;
		};
		B9D17F872B1F64A100BBC1FF /* Sources */ = {
			isa = PBXSourcesBuildPhase;
			buildActionMask = 2147483647;
			files = (
				B9D17F8E2B1F64A100BBC1FF /* main.swift in Sources */,
			);
			runOnlyForDeploymentPostprocessing = 0;
		};
		B9D17F972B21334900BBC1FF /* Sources */ = {
			isa = PBXSourcesBuildPhase;
			buildActionMask = 2147483647;
			files = (
				B9D17F9E2B21334900BBC1FF /* main.swift in Sources */,
			);
			runOnlyForDeploymentPostprocessing = 0;
		};
		B9D17FA72B218A7900BBC1FF /* Sources */ = {
			isa = PBXSourcesBuildPhase;
			buildActionMask = 2147483647;
			files = (
				B9D17FAE2B218A7900BBC1FF /* main.swift in Sources */,
			);
			runOnlyForDeploymentPostprocessing = 0;
		};
		B9D17FB72B2362F100BBC1FF /* Sources */ = {
			isa = PBXSourcesBuildPhase;
			buildActionMask = 2147483647;
			files = (
				B9D17FBE2B2362F200BBC1FF /* main.swift in Sources */,
			);
			runOnlyForDeploymentPostprocessing = 0;
		};
		B9D17FC72B242BE700BBC1FF /* Sources */ = {
			isa = PBXSourcesBuildPhase;
			buildActionMask = 2147483647;
			files = (
				B9D17FCE2B242BE800BBC1FF /* main.swift in Sources */,
			);
			runOnlyForDeploymentPostprocessing = 0;
		};
		B9D17FD72B2601E700BBC1FF /* Sources */ = {
			isa = PBXSourcesBuildPhase;
			buildActionMask = 2147483647;
			files = (
				B9D17FDE2B2601E700BBC1FF /* main.swift in Sources */,
			);
			runOnlyForDeploymentPostprocessing = 0;
		};
		B9D17FE72B26CF8100BBC1FF /* Sources */ = {
			isa = PBXSourcesBuildPhase;
			buildActionMask = 2147483647;
			files = (
				B9D17FEE2B26CF8200BBC1FF /* main.swift in Sources */,
			);
			runOnlyForDeploymentPostprocessing = 0;
		};
/* End PBXSourcesBuildPhase section */

/* Begin XCBuildConfiguration section */
		B9D17F3F2B1A1DCF00BBC1FF /* Debug */ = {
			isa = XCBuildConfiguration;
			buildSettings = {
				ALWAYS_SEARCH_USER_PATHS = NO;
				ASSETCATALOG_COMPILER_GENERATE_SWIFT_ASSET_SYMBOL_EXTENSIONS = YES;
				CLANG_ANALYZER_NONNULL = YES;
				CLANG_ANALYZER_NUMBER_OBJECT_CONVERSION = YES_AGGRESSIVE;
				CLANG_CXX_LANGUAGE_STANDARD = "gnu++20";
				CLANG_ENABLE_MODULES = YES;
				CLANG_ENABLE_OBJC_ARC = YES;
				CLANG_ENABLE_OBJC_WEAK = YES;
				CLANG_WARN_BLOCK_CAPTURE_AUTORELEASING = YES;
				CLANG_WARN_BOOL_CONVERSION = YES;
				CLANG_WARN_COMMA = YES;
				CLANG_WARN_CONSTANT_CONVERSION = YES;
				CLANG_WARN_DEPRECATED_OBJC_IMPLEMENTATIONS = YES;
				CLANG_WARN_DIRECT_OBJC_ISA_USAGE = YES_ERROR;
				CLANG_WARN_DOCUMENTATION_COMMENTS = YES;
				CLANG_WARN_EMPTY_BODY = YES;
				CLANG_WARN_ENUM_CONVERSION = YES;
				CLANG_WARN_INFINITE_RECURSION = YES;
				CLANG_WARN_INT_CONVERSION = YES;
				CLANG_WARN_NON_LITERAL_NULL_CONVERSION = YES;
				CLANG_WARN_OBJC_IMPLICIT_RETAIN_SELF = YES;
				CLANG_WARN_OBJC_LITERAL_CONVERSION = YES;
				CLANG_WARN_OBJC_ROOT_CLASS = YES_ERROR;
				CLANG_WARN_QUOTED_INCLUDE_IN_FRAMEWORK_HEADER = YES;
				CLANG_WARN_RANGE_LOOP_ANALYSIS = YES;
				CLANG_WARN_STRICT_PROTOTYPES = YES;
				CLANG_WARN_SUSPICIOUS_MOVE = YES;
				CLANG_WARN_UNGUARDED_AVAILABILITY = YES_AGGRESSIVE;
				CLANG_WARN_UNREACHABLE_CODE = YES;
				CLANG_WARN__DUPLICATE_METHOD_MATCH = YES;
				COPY_PHASE_STRIP = NO;
				DEBUG_INFORMATION_FORMAT = dwarf;
				ENABLE_STRICT_OBJC_MSGSEND = YES;
				ENABLE_TESTABILITY = YES;
				ENABLE_USER_SCRIPT_SANDBOXING = YES;
				GCC_C_LANGUAGE_STANDARD = gnu17;
				GCC_DYNAMIC_NO_PIC = NO;
				GCC_NO_COMMON_BLOCKS = YES;
				GCC_OPTIMIZATION_LEVEL = 0;
				GCC_PREPROCESSOR_DEFINITIONS = (
					"DEBUG=1",
					"$(inherited)",
				);
				GCC_WARN_64_TO_32_BIT_CONVERSION = YES;
				GCC_WARN_ABOUT_RETURN_TYPE = YES_ERROR;
				GCC_WARN_UNDECLARED_SELECTOR = YES;
				GCC_WARN_UNINITIALIZED_AUTOS = YES_AGGRESSIVE;
				GCC_WARN_UNUSED_FUNCTION = YES;
				GCC_WARN_UNUSED_VARIABLE = YES;
				LOCALIZATION_PREFERS_STRING_CATALOGS = YES;
				MACOSX_DEPLOYMENT_TARGET = 14.0;
				MTL_ENABLE_DEBUG_INFO = INCLUDE_SOURCE;
				MTL_FAST_MATH = YES;
				ONLY_ACTIVE_ARCH = YES;
				SDKROOT = macosx;
				SWIFT_ACTIVE_COMPILATION_CONDITIONS = "DEBUG $(inherited)";
				SWIFT_OPTIMIZATION_LEVEL = "-Onone";
			};
			name = Debug;
		};
		B9D17F402B1A1DCF00BBC1FF /* Release */ = {
			isa = XCBuildConfiguration;
			buildSettings = {
				ALWAYS_SEARCH_USER_PATHS = NO;
				ASSETCATALOG_COMPILER_GENERATE_SWIFT_ASSET_SYMBOL_EXTENSIONS = YES;
				CLANG_ANALYZER_NONNULL = YES;
				CLANG_ANALYZER_NUMBER_OBJECT_CONVERSION = YES_AGGRESSIVE;
				CLANG_CXX_LANGUAGE_STANDARD = "gnu++20";
				CLANG_ENABLE_MODULES = YES;
				CLANG_ENABLE_OBJC_ARC = YES;
				CLANG_ENABLE_OBJC_WEAK = YES;
				CLANG_WARN_BLOCK_CAPTURE_AUTORELEASING = YES;
				CLANG_WARN_BOOL_CONVERSION = YES;
				CLANG_WARN_COMMA = YES;
				CLANG_WARN_CONSTANT_CONVERSION = YES;
				CLANG_WARN_DEPRECATED_OBJC_IMPLEMENTATIONS = YES;
				CLANG_WARN_DIRECT_OBJC_ISA_USAGE = YES_ERROR;
				CLANG_WARN_DOCUMENTATION_COMMENTS = YES;
				CLANG_WARN_EMPTY_BODY = YES;
				CLANG_WARN_ENUM_CONVERSION = YES;
				CLANG_WARN_INFINITE_RECURSION = YES;
				CLANG_WARN_INT_CONVERSION = YES;
				CLANG_WARN_NON_LITERAL_NULL_CONVERSION = YES;
				CLANG_WARN_OBJC_IMPLICIT_RETAIN_SELF = YES;
				CLANG_WARN_OBJC_LITERAL_CONVERSION = YES;
				CLANG_WARN_OBJC_ROOT_CLASS = YES_ERROR;
				CLANG_WARN_QUOTED_INCLUDE_IN_FRAMEWORK_HEADER = YES;
				CLANG_WARN_RANGE_LOOP_ANALYSIS = YES;
				CLANG_WARN_STRICT_PROTOTYPES = YES;
				CLANG_WARN_SUSPICIOUS_MOVE = YES;
				CLANG_WARN_UNGUARDED_AVAILABILITY = YES_AGGRESSIVE;
				CLANG_WARN_UNREACHABLE_CODE = YES;
				CLANG_WARN__DUPLICATE_METHOD_MATCH = YES;
				COPY_PHASE_STRIP = NO;
				DEBUG_INFORMATION_FORMAT = "dwarf-with-dsym";
				ENABLE_NS_ASSERTIONS = NO;
				ENABLE_STRICT_OBJC_MSGSEND = YES;
				ENABLE_USER_SCRIPT_SANDBOXING = YES;
				GCC_C_LANGUAGE_STANDARD = gnu17;
				GCC_NO_COMMON_BLOCKS = YES;
				GCC_WARN_64_TO_32_BIT_CONVERSION = YES;
				GCC_WARN_ABOUT_RETURN_TYPE = YES_ERROR;
				GCC_WARN_UNDECLARED_SELECTOR = YES;
				GCC_WARN_UNINITIALIZED_AUTOS = YES_AGGRESSIVE;
				GCC_WARN_UNUSED_FUNCTION = YES;
				GCC_WARN_UNUSED_VARIABLE = YES;
				LOCALIZATION_PREFERS_STRING_CATALOGS = YES;
				MACOSX_DEPLOYMENT_TARGET = 14.0;
				MTL_ENABLE_DEBUG_INFO = NO;
				MTL_FAST_MATH = YES;
				SDKROOT = macosx;
				SWIFT_COMPILATION_MODE = wholemodule;
			};
			name = Release;
		};
		B9D17F4D2B1A1DF400BBC1FF /* Debug */ = {
			isa = XCBuildConfiguration;
			buildSettings = {
				CODE_SIGN_STYLE = Automatic;
				DEVELOPMENT_TEAM = FT8GV27U5R;
				ENABLE_HARDENED_RUNTIME = YES;
				PRODUCT_NAME = "$(TARGET_NAME)";
				SWIFT_VERSION = 5.0;
			};
			name = Debug;
		};
		B9D17F4E2B1A1DF400BBC1FF /* Release */ = {
			isa = XCBuildConfiguration;
			buildSettings = {
				CODE_SIGN_STYLE = Automatic;
				DEVELOPMENT_TEAM = FT8GV27U5R;
				ENABLE_HARDENED_RUNTIME = YES;
				PRODUCT_NAME = "$(TARGET_NAME)";
				SWIFT_VERSION = 5.0;
			};
			name = Release;
		};
		B9D17F5D2B1AF5BC00BBC1FF /* Debug */ = {
			isa = XCBuildConfiguration;
			buildSettings = {
				CODE_SIGN_STYLE = Automatic;
				DEVELOPMENT_TEAM = FT8GV27U5R;
				ENABLE_HARDENED_RUNTIME = YES;
				PRODUCT_NAME = "$(TARGET_NAME)";
				SWIFT_VERSION = 5.0;
			};
			name = Debug;
		};
		B9D17F5E2B1AF5BC00BBC1FF /* Release */ = {
			isa = XCBuildConfiguration;
			buildSettings = {
				CODE_SIGN_STYLE = Automatic;
				DEVELOPMENT_TEAM = FT8GV27U5R;
				ENABLE_HARDENED_RUNTIME = YES;
				PRODUCT_NAME = "$(TARGET_NAME)";
				SWIFT_VERSION = 5.0;
			};
			name = Release;
		};
		B9D17F6F2B1CD37A00BBC1FF /* Debug */ = {
			isa = XCBuildConfiguration;
			buildSettings = {
				CODE_SIGN_STYLE = Automatic;
				DEVELOPMENT_TEAM = FT8GV27U5R;
				ENABLE_HARDENED_RUNTIME = YES;
				PRODUCT_NAME = "$(TARGET_NAME)";
				SWIFT_VERSION = 5.0;
			};
			name = Debug;
		};
		B9D17F702B1CD37A00BBC1FF /* Release */ = {
			isa = XCBuildConfiguration;
			buildSettings = {
				CODE_SIGN_STYLE = Automatic;
				DEVELOPMENT_TEAM = FT8GV27U5R;
				ENABLE_HARDENED_RUNTIME = YES;
				PRODUCT_NAME = "$(TARGET_NAME)";
				SWIFT_VERSION = 5.0;
			};
			name = Release;
		};
		B9D17F7F2B1E638600BBC1FF /* Debug */ = {
			isa = XCBuildConfiguration;
			buildSettings = {
				CODE_SIGN_STYLE = Automatic;
				DEVELOPMENT_TEAM = FT8GV27U5R;
				ENABLE_HARDENED_RUNTIME = YES;
				PRODUCT_NAME = "$(TARGET_NAME)";
				SWIFT_VERSION = 5.0;
			};
			name = Debug;
		};
		B9D17F802B1E638600BBC1FF /* Release */ = {
			isa = XCBuildConfiguration;
			buildSettings = {
				CODE_SIGN_STYLE = Automatic;
				DEVELOPMENT_TEAM = FT8GV27U5R;
				ENABLE_HARDENED_RUNTIME = YES;
				PRODUCT_NAME = "$(TARGET_NAME)";
				SWIFT_VERSION = 5.0;
			};
			name = Release;
		};
		B9D17F8F2B1F64A100BBC1FF /* Debug */ = {
			isa = XCBuildConfiguration;
			buildSettings = {
				CODE_SIGN_STYLE = Automatic;
				DEVELOPMENT_TEAM = FT8GV27U5R;
				ENABLE_HARDENED_RUNTIME = YES;
				PRODUCT_NAME = "$(TARGET_NAME)";
				SWIFT_VERSION = 5.0;
			};
			name = Debug;
		};
		B9D17F902B1F64A100BBC1FF /* Release */ = {
			isa = XCBuildConfiguration;
			buildSettings = {
				CODE_SIGN_STYLE = Automatic;
				DEVELOPMENT_TEAM = FT8GV27U5R;
				ENABLE_HARDENED_RUNTIME = YES;
				PRODUCT_NAME = "$(TARGET_NAME)";
				SWIFT_VERSION = 5.0;
			};
			name = Release;
		};
		B9D17F9F2B21334900BBC1FF /* Debug */ = {
			isa = XCBuildConfiguration;
			buildSettings = {
				CODE_SIGN_STYLE = Automatic;
				DEVELOPMENT_TEAM = FT8GV27U5R;
				ENABLE_HARDENED_RUNTIME = YES;
				PRODUCT_NAME = "$(TARGET_NAME)";
				SWIFT_VERSION = 5.0;
			};
			name = Debug;
		};
		B9D17FA02B21334900BBC1FF /* Release */ = {
			isa = XCBuildConfiguration;
			buildSettings = {
				CODE_SIGN_STYLE = Automatic;
				DEVELOPMENT_TEAM = FT8GV27U5R;
				ENABLE_HARDENED_RUNTIME = YES;
				PRODUCT_NAME = "$(TARGET_NAME)";
				SWIFT_VERSION = 5.0;
			};
			name = Release;
		};
		B9D17FB02B218A7900BBC1FF /* Debug */ = {
			isa = XCBuildConfiguration;
			buildSettings = {
				CODE_SIGN_STYLE = Automatic;
				DEVELOPMENT_TEAM = FT8GV27U5R;
				ENABLE_HARDENED_RUNTIME = YES;
				PRODUCT_NAME = "$(TARGET_NAME)";
				SWIFT_VERSION = 5.0;
			};
			name = Debug;
		};
		B9D17FB12B218A7900BBC1FF /* Release */ = {
			isa = XCBuildConfiguration;
			buildSettings = {
				CODE_SIGN_STYLE = Automatic;
				DEVELOPMENT_TEAM = FT8GV27U5R;
				ENABLE_HARDENED_RUNTIME = YES;
				PRODUCT_NAME = "$(TARGET_NAME)";
				SWIFT_VERSION = 5.0;
			};
			name = Release;
		};
		B9D17FC02B2362F200BBC1FF /* Debug */ = {
			isa = XCBuildConfiguration;
			buildSettings = {
				CODE_SIGN_STYLE = Automatic;
				DEVELOPMENT_TEAM = FT8GV27U5R;
				ENABLE_HARDENED_RUNTIME = YES;
				PRODUCT_NAME = "$(TARGET_NAME)";
				SWIFT_VERSION = 5.0;
			};
			name = Debug;
		};
		B9D17FC12B2362F200BBC1FF /* Release */ = {
			isa = XCBuildConfiguration;
			buildSettings = {
				CODE_SIGN_STYLE = Automatic;
				DEVELOPMENT_TEAM = FT8GV27U5R;
				ENABLE_HARDENED_RUNTIME = YES;
				PRODUCT_NAME = "$(TARGET_NAME)";
				SWIFT_VERSION = 5.0;
			};
			name = Release;
		};
		B9D17FD02B242BE800BBC1FF /* Debug */ = {
			isa = XCBuildConfiguration;
			buildSettings = {
				CODE_SIGN_STYLE = Automatic;
				DEVELOPMENT_TEAM = FT8GV27U5R;
				ENABLE_HARDENED_RUNTIME = YES;
				PRODUCT_NAME = "$(TARGET_NAME)";
				SWIFT_VERSION = 5.0;
			};
			name = Debug;
		};
		B9D17FD12B242BE800BBC1FF /* Release */ = {
			isa = XCBuildConfiguration;
			buildSettings = {
				CODE_SIGN_STYLE = Automatic;
				DEVELOPMENT_TEAM = FT8GV27U5R;
				ENABLE_HARDENED_RUNTIME = YES;
				PRODUCT_NAME = "$(TARGET_NAME)";
				SWIFT_VERSION = 5.0;
			};
			name = Release;
		};
		B9D17FE02B2601E700BBC1FF /* Debug */ = {
			isa = XCBuildConfiguration;
			buildSettings = {
				CODE_SIGN_STYLE = Automatic;
				DEVELOPMENT_TEAM = FT8GV27U5R;
				ENABLE_HARDENED_RUNTIME = YES;
				PRODUCT_NAME = "$(TARGET_NAME)";
				SWIFT_VERSION = 5.0;
			};
			name = Debug;
		};
		B9D17FE12B2601E700BBC1FF /* Release */ = {
			isa = XCBuildConfiguration;
			buildSettings = {
				CODE_SIGN_STYLE = Automatic;
				DEVELOPMENT_TEAM = FT8GV27U5R;
				ENABLE_HARDENED_RUNTIME = YES;
				PRODUCT_NAME = "$(TARGET_NAME)";
				SWIFT_VERSION = 5.0;
			};
			name = Release;
		};
		B9D17FF02B26CF8200BBC1FF /* Debug */ = {
			isa = XCBuildConfiguration;
			buildSettings = {
				CODE_SIGN_STYLE = Automatic;
				DEVELOPMENT_TEAM = FT8GV27U5R;
				ENABLE_HARDENED_RUNTIME = YES;
				PRODUCT_NAME = "$(TARGET_NAME)";
				SWIFT_VERSION = 5.0;
			};
			name = Debug;
		};
		B9D17FF12B26CF8200BBC1FF /* Release */ = {
			isa = XCBuildConfiguration;
			buildSettings = {
				CODE_SIGN_STYLE = Automatic;
				DEVELOPMENT_TEAM = FT8GV27U5R;
				ENABLE_HARDENED_RUNTIME = YES;
				PRODUCT_NAME = "$(TARGET_NAME)";
				SWIFT_VERSION = 5.0;
			};
			name = Release;
		};
/* End XCBuildConfiguration section */

/* Begin XCConfigurationList section */
		B9D17F352B1A1DCF00BBC1FF /* Build configuration list for PBXProject "Advent of Code 2023" */ = {
			isa = XCConfigurationList;
			buildConfigurations = (
				B9D17F3F2B1A1DCF00BBC1FF /* Debug */,
				B9D17F402B1A1DCF00BBC1FF /* Release */,
			);
			defaultConfigurationIsVisible = 0;
			defaultConfigurationName = Release;
		};
		B9D17F4C2B1A1DF400BBC1FF /* Build configuration list for PBXNativeTarget "Day 01" */ = {
			isa = XCConfigurationList;
			buildConfigurations = (
				B9D17F4D2B1A1DF400BBC1FF /* Debug */,
				B9D17F4E2B1A1DF400BBC1FF /* Release */,
			);
			defaultConfigurationIsVisible = 0;
			defaultConfigurationName = Release;
		};
		B9D17F5F2B1AF5BC00BBC1FF /* Build configuration list for PBXNativeTarget "Day 02" */ = {
			isa = XCConfigurationList;
			buildConfigurations = (
				B9D17F5D2B1AF5BC00BBC1FF /* Debug */,
				B9D17F5E2B1AF5BC00BBC1FF /* Release */,
			);
			defaultConfigurationIsVisible = 0;
			defaultConfigurationName = Release;
		};
		B9D17F6E2B1CD37A00BBC1FF /* Build configuration list for PBXNativeTarget "Day 03" */ = {
			isa = XCConfigurationList;
			buildConfigurations = (
				B9D17F6F2B1CD37A00BBC1FF /* Debug */,
				B9D17F702B1CD37A00BBC1FF /* Release */,
			);
			defaultConfigurationIsVisible = 0;
			defaultConfigurationName = Release;
		};
		B9D17F812B1E638600BBC1FF /* Build configuration list for PBXNativeTarget "Day 04" */ = {
			isa = XCConfigurationList;
			buildConfigurations = (
				B9D17F7F2B1E638600BBC1FF /* Debug */,
				B9D17F802B1E638600BBC1FF /* Release */,
			);
			defaultConfigurationIsVisible = 0;
			defaultConfigurationName = Release;
		};
		B9D17F912B1F64A100BBC1FF /* Build configuration list for PBXNativeTarget "Day 05" */ = {
			isa = XCConfigurationList;
			buildConfigurations = (
				B9D17F8F2B1F64A100BBC1FF /* Debug */,
				B9D17F902B1F64A100BBC1FF /* Release */,
			);
			defaultConfigurationIsVisible = 0;
			defaultConfigurationName = Release;
		};
		B9D17FA12B21334900BBC1FF /* Build configuration list for PBXNativeTarget "Day 06" */ = {
			isa = XCConfigurationList;
			buildConfigurations = (
				B9D17F9F2B21334900BBC1FF /* Debug */,
				B9D17FA02B21334900BBC1FF /* Release */,
			);
			defaultConfigurationIsVisible = 0;
			defaultConfigurationName = Release;
		};
		B9D17FAF2B218A7900BBC1FF /* Build configuration list for PBXNativeTarget "Day 07" */ = {
			isa = XCConfigurationList;
			buildConfigurations = (
				B9D17FB02B218A7900BBC1FF /* Debug */,
				B9D17FB12B218A7900BBC1FF /* Release */,
			);
			defaultConfigurationIsVisible = 0;
			defaultConfigurationName = Release;
		};
		B9D17FBF2B2362F200BBC1FF /* Build configuration list for PBXNativeTarget "Day 08" */ = {
			isa = XCConfigurationList;
			buildConfigurations = (
				B9D17FC02B2362F200BBC1FF /* Debug */,
				B9D17FC12B2362F200BBC1FF /* Release */,
			);
			defaultConfigurationIsVisible = 0;
			defaultConfigurationName = Release;
		};
		B9D17FCF2B242BE800BBC1FF /* Build configuration list for PBXNativeTarget "Day 09" */ = {
			isa = XCConfigurationList;
			buildConfigurations = (
				B9D17FD02B242BE800BBC1FF /* Debug */,
				B9D17FD12B242BE800BBC1FF /* Release */,
			);
			defaultConfigurationIsVisible = 0;
			defaultConfigurationName = Release;
		};
		B9D17FDF2B2601E700BBC1FF /* Build configuration list for PBXNativeTarget "Day 10" */ = {
			isa = XCConfigurationList;
			buildConfigurations = (
				B9D17FE02B2601E700BBC1FF /* Debug */,
				B9D17FE12B2601E700BBC1FF /* Release */,
			);
			defaultConfigurationIsVisible = 0;
			defaultConfigurationName = Release;
		};
		B9D17FEF2B26CF8200BBC1FF /* Build configuration list for PBXNativeTarget "Day 11" */ = {
			isa = XCConfigurationList;
			buildConfigurations = (
				B9D17FF02B26CF8200BBC1FF /* Debug */,
				B9D17FF12B26CF8200BBC1FF /* Release */,
			);
			defaultConfigurationIsVisible = 0;
			defaultConfigurationName = Release;
		};
/* End XCConfigurationList section */

/* Begin XCRemoteSwiftPackageReference section */
		B9D17F4F2B1A1E3800BBC1FF /* XCRemoteSwiftPackageReference "AoC-Helpers" */ = {
			isa = XCRemoteSwiftPackageReference;
			repositoryURL = "https://github.com/juliand665/AoC-Helpers.git";
			requirement = {
				branch = main;
				kind = branch;
			};
		};
/* End XCRemoteSwiftPackageReference section */

/* Begin XCSwiftPackageProductDependency section */
		B9D17F502B1A1E3800BBC1FF /* AoC-Helpers */ = {
			isa = XCSwiftPackageProductDependency;
			package = B9D17F4F2B1A1E3800BBC1FF /* XCRemoteSwiftPackageReference "AoC-Helpers" */;
			productName = "AoC-Helpers";
		};
		B9D17F622B1AF5DD00BBC1FF /* AoC-Helpers */ = {
			isa = XCSwiftPackageProductDependency;
			package = B9D17F4F2B1A1E3800BBC1FF /* XCRemoteSwiftPackageReference "AoC-Helpers" */;
			productName = "AoC-Helpers";
		};
		B9D17F742B1CD44000BBC1FF /* AoC-Helpers */ = {
			isa = XCSwiftPackageProductDependency;
			package = B9D17F4F2B1A1E3800BBC1FF /* XCRemoteSwiftPackageReference "AoC-Helpers" */;
			productName = "AoC-Helpers";
		};
		B9D17F852B1E68BB00BBC1FF /* AoC-Helpers */ = {
			isa = XCSwiftPackageProductDependency;
			package = B9D17F4F2B1A1E3800BBC1FF /* XCRemoteSwiftPackageReference "AoC-Helpers" */;
			productName = "AoC-Helpers";
		};
		B9D17F932B1F64D500BBC1FF /* AoC-Helpers */ = {
			isa = XCSwiftPackageProductDependency;
			package = B9D17F4F2B1A1E3800BBC1FF /* XCRemoteSwiftPackageReference "AoC-Helpers" */;
			productName = "AoC-Helpers";
		};
		B9D17FA52B21358200BBC1FF /* AoC-Helpers */ = {
			isa = XCSwiftPackageProductDependency;
			package = B9D17F4F2B1A1E3800BBC1FF /* XCRemoteSwiftPackageReference "AoC-Helpers" */;
			productName = "AoC-Helpers";
		};
		B9D17FB52B218A9A00BBC1FF /* AoC-Helpers */ = {
			isa = XCSwiftPackageProductDependency;
			package = B9D17F4F2B1A1E3800BBC1FF /* XCRemoteSwiftPackageReference "AoC-Helpers" */;
			productName = "AoC-Helpers";
		};
		B9D17FC32B23630700BBC1FF /* AoC-Helpers */ = {
			isa = XCSwiftPackageProductDependency;
			package = B9D17F4F2B1A1E3800BBC1FF /* XCRemoteSwiftPackageReference "AoC-Helpers" */;
			productName = "AoC-Helpers";
		};
		B9D17FD52B242C2200BBC1FF /* AoC-Helpers */ = {
			isa = XCSwiftPackageProductDependency;
			package = B9D17F4F2B1A1E3800BBC1FF /* XCRemoteSwiftPackageReference "AoC-Helpers" */;
			productName = "AoC-Helpers";
		};
		B9D17FE22B2601FB00BBC1FF /* AoC-Helpers */ = {
			isa = XCSwiftPackageProductDependency;
			package = B9D17F4F2B1A1E3800BBC1FF /* XCRemoteSwiftPackageReference "AoC-Helpers" */;
			productName = "AoC-Helpers";
		};
		B9D17FF52B26CFA200BBC1FF /* AoC-Helpers */ = {
			isa = XCSwiftPackageProductDependency;
			package = B9D17F4F2B1A1E3800BBC1FF /* XCRemoteSwiftPackageReference "AoC-Helpers" */;
			productName = "AoC-Helpers";
		};
/* End XCSwiftPackageProductDependency section */
	};
	rootObject = B9D17F322B1A1DCF00BBC1FF /* Project object */;
}
